
Microsoft Visual Studio Solution File, Format Version 12.00
# Visual Studio Version 17
VisualStudioVersion = 17.0.31903.59
MinimumVisualStudioVersion = 10.0.40219.1
Project("{2150E333-8FDC-42A3-9474-1A3956D46DE8}") = "src", "src", "{53CAFF6B-EE45-4051-821B-37AFB8A84689}"
EndProject
Project("{FAE04EC0-301F-11D3-BF4B-00C04F79EFBC}") = "Hello", "src\Hello\Hello.csproj", "{DD76A7A7-03F9-453F-B3AF-92B0A1281D70}"
EndProject
Project("{FAE04EC0-301F-11D3-BF4B-00C04F79EFBC}") = "LibraryManagementSystem", "src\LibraryManagementSystem\LibraryManagementSystem.csproj", "{07359367-20E7-4407-8854-E0129580497E}"
EndProject
Project("{FAE04EC0-301F-11D3-BF4B-00C04F79EFBC}") = "MultiEntryPoint", "src\MultiEntryPoint\MultiEntryPoint.csproj", "{5B89CF5B-4D32-49EC-9FBB-5B06A6D816F9}"
EndProject
Project("{FAE04EC0-301F-11D3-BF4B-00C04F79EFBC}") = "DesignPatterns", "src\DesignPatterns\DesignPatterns.csproj", "{51AD514B-1FB6-4726-B37A-718F4B248FA9}"
EndProject
Global
	GlobalSection(SolutionConfigurationPlatforms) = preSolution
		Debug|Any CPU = Debug|Any CPU
		Release|Any CPU = Release|Any CPU
	EndGlobalSection
	GlobalSection(SolutionProperties) = preSolution
		HideSolutionNode = FALSE
	EndGlobalSection
	GlobalSection(ProjectConfigurationPlatforms) = postSolution
		{DD76A7A7-03F9-453F-B3AF-92B0A1281D70}.Debug|Any CPU.ActiveCfg = Debug|Any CPU
		{DD76A7A7-03F9-453F-B3AF-92B0A1281D70}.Debug|Any CPU.Build.0 = Debug|Any CPU
		{DD76A7A7-03F9-453F-B3AF-92B0A1281D70}.Release|Any CPU.ActiveCfg = Release|Any CPU
		{DD76A7A7-03F9-453F-B3AF-92B0A1281D70}.Release|Any CPU.Build.0 = Release|Any CPU
		{07359367-20E7-4407-8854-E0129580497E}.Debug|Any CPU.ActiveCfg = Debug|Any CPU
		{07359367-20E7-4407-8854-E0129580497E}.Debug|Any CPU.Build.0 = Debug|Any CPU
		{07359367-20E7-4407-8854-E0129580497E}.Release|Any CPU.ActiveCfg = Release|Any CPU
		{07359367-20E7-4407-8854-E0129580497E}.Release|Any CPU.Build.0 = Release|Any CPU
		{5B89CF5B-4D32-49EC-9FBB-5B06A6D816F9}.Debug|Any CPU.ActiveCfg = Debug|Any CPU
		{5B89CF5B-4D32-49EC-9FBB-5B06A6D816F9}.Debug|Any CPU.Build.0 = Debug|Any CPU
		{5B89CF5B-4D32-49EC-9FBB-5B06A6D816F9}.Release|Any CPU.ActiveCfg = Release|Any CPU
		{5B89CF5B-4D32-49EC-9FBB-5B06A6D816F9}.Release|Any CPU.Build.0 = Release|Any CPU
		{51AD514B-1FB6-4726-B37A-718F4B248FA9}.Debug|Any CPU.ActiveCfg = Debug|Any CPU
		{51AD514B-1FB6-4726-B37A-718F4B248FA9}.Debug|Any CPU.Build.0 = Debug|Any CPU
		{51AD514B-1FB6-4726-B37A-718F4B248FA9}.Release|Any CPU.ActiveCfg = Release|Any CPU
		{51AD514B-1FB6-4726-B37A-718F4B248FA9}.Release|Any CPU.Build.0 = Release|Any CPU
	EndGlobalSection
	GlobalSection(NestedProjects) = preSolution
		{DD76A7A7-03F9-453F-B3AF-92B0A1281D70} = {53CAFF6B-EE45-4051-821B-37AFB8A84689}
		{07359367-20E7-4407-8854-E0129580497E} = {53CAFF6B-EE45-4051-821B-37AFB8A84689}
		{5B89CF5B-4D32-49EC-9FBB-5B06A6D816F9} = {53CAFF6B-EE45-4051-821B-37AFB8A84689}
		{51AD514B-1FB6-4726-B37A-718F4B248FA9} = {53CAFF6B-EE45-4051-821B-37AFB8A84689}
	EndGlobalSection
EndGlobal
