Microsoft Visual Studio Solution File, Format Version 8.00
Project("{FAE04EC0-301F-11D3-BF4B-00C04F79EFBC}") = "ConsoleApplication2", "ConsoleApplication2.csproj", "{7D54CCBC-3F55-46D6-9295-01D58D0AF37C}"
	ProjectSection(ProjectDependencies) = postProject
	EndProjectSection
EndProject
Project("{FAE04EC0-301F-11D3-BF4B-00C04F79EFBC}") = "WindowsApplication2", "..\WindowsApplication2\WindowsApplication2.csproj", "{F3054201-F03B-45E8-BE44-58F5E8C57215}"
	ProjectSection(ProjectDependencies) = postProject
	EndProjectSection
EndProject
Global
	GlobalSection(SolutionConfiguration) = preSolution
		Debug = Debug
		Release = Release
	EndGlobalSection
	GlobalSection(ProjectConfiguration) = postSolution
		{7D54CCBC-3F55-46D6-9295-01D58D0AF37C}.Debug.ActiveCfg = Debug|.NET
		{7D54CCBC-3F55-46D6-9295-01D58D0AF37C}.Debug.Build.0 = Debug|.NET
		{7D54CCBC-3F55-46D6-9295-01D58D0AF37C}.Release.ActiveCfg = Release|.NET
		{7D54CCBC-3F55-46D6-9295-01D58D0AF37C}.Release.Build.0 = Release|.NET
		{F3054201-F03B-45E8-BE44-58F5E8C57215}.Debug.ActiveCfg = Debug|.NET
		{F3054201-F03B-45E8-BE44-58F5E8C57215}.Debug.Build.0 = Debug|.NET
		{F3054201-F03B-45E8-BE44-58F5E8C57215}.Release.ActiveCfg = Release|.NET
		{F3054201-F03B-45E8-BE44-58F5E8C57215}.Release.Build.0 = Release|.NET
	EndGlobalSection
	GlobalSection(ExtensibilityGlobals) = postSolution
	EndGlobalSection
	GlobalSection(ExtensibilityAddIns) = postSolution
	EndGlobalSection
EndGlobal
